
Microsoft Visual Studio Solution File, Format Version 12.00
# Visual Studio Version 16
VisualStudioVersion = 16.0.31313.79
MinimumVisualStudioVersion = 10.0.40219.1
Project("{FAE04EC0-301F-11D3-BF4B-00C04F79EFBC}") = "Sliperiet.Server", "Sliperiet\Server\Sliperiet.Server.csproj", "{812A4990-D2DD-4D9F-BDD7-E7061F08B4EE}"
EndProject
Project("{FAE04EC0-301F-11D3-BF4B-00C04F79EFBC}") = "Sliperiet.Client", "Sliperiet\Client\Sliperiet.Client.csproj", "{5761A7A9-BF3D-403F-A090-8F0E939C0F51}"
EndProject
Project("{FAE04EC0-301F-11D3-BF4B-00C04F79EFBC}") = "Sliperiet.Shared", "Sliperiet\Shared\Sliperiet.Shared.csproj", "{23D333A5-7A53-4B2A-B0E2-E4609729834A}"
EndProject
Global
	GlobalSection(SolutionConfigurationPlatforms) = preSolution
		Debug|Any CPU = Debug|Any CPU
		Release|Any CPU = Release|Any CPU
	EndGlobalSection
	GlobalSection(ProjectConfigurationPlatforms) = postSolution
		{812A4990-D2DD-4D9F-BDD7-E7061F08B4EE}.Debug|Any CPU.ActiveCfg = Debug|Any CPU
		{812A4990-D2DD-4D9F-BDD7-E7061F08B4EE}.Debug|Any CPU.Build.0 = Debug|Any CPU
		{812A4990-D2DD-4D9F-BDD7-E7061F08B4EE}.Release|Any CPU.ActiveCfg = Release|Any CPU
		{812A4990-D2DD-4D9F-BDD7-E7061F08B4EE}.Release|Any CPU.Build.0 = Release|Any CPU
		{5761A7A9-BF3D-403F-A090-8F0E939C0F51}.Debug|Any CPU.ActiveCfg = Debug|Any CPU
		{5761A7A9-BF3D-403F-A090-8F0E939C0F51}.Debug|Any CPU.Build.0 = Debug|Any CPU
		{5761A7A9-BF3D-403F-A090-8F0E939C0F51}.Release|Any CPU.ActiveCfg = Release|Any CPU
		{5761A7A9-BF3D-403F-A090-8F0E939C0F51}.Release|Any CPU.Build.0 = Release|Any CPU
		{23D333A5-7A53-4B2A-B0E2-E4609729834A}.Debug|Any CPU.ActiveCfg = Debug|Any CPU
		{23D333A5-7A53-4B2A-B0E2-E4609729834A}.Debug|Any CPU.Build.0 = Debug|Any CPU
		{23D333A5-7A53-4B2A-B0E2-E4609729834A}.Release|Any CPU.ActiveCfg = Release|Any CPU
		{23D333A5-7A53-4B2A-B0E2-E4609729834A}.Release|Any CPU.Build.0 = Release|Any CPU
	EndGlobalSection
	GlobalSection(SolutionProperties) = preSolution
		HideSolutionNode = FALSE
	EndGlobalSection
	GlobalSection(ExtensibilityGlobals) = postSolution
		SolutionGuid = {F27587FA-869D-4987-96CC-F1D5BEE254AC}
	EndGlobalSection
EndGlobal
